
Microsoft Visual Studio Solution File, Format Version 12.00
# Visual Studio 15
VisualStudioVersion = 15.0.27428.2027
MinimumVisualStudioVersion = 10.0.40219.1
Project("{2150E333-8FDC-42A3-9474-1A3956D46DE8}") = "Behavioral", "Behavioral", "{3B2CA907-3242-4B5A-826A-ADB1F2BC966A}"
EndProject
Project("{2150E333-8FDC-42A3-9474-1A3956D46DE8}") = "Creational", "Creational", "{23D52F6C-E0CF-4246-9C59-04B228887985}"
EndProject
Project("{2150E333-8FDC-42A3-9474-1A3956D46DE8}") = "Structural", "Structural", "{FDFB6C51-7D34-4558-B793-01B87642B5C4}"
EndProject
Project("{FAE04EC0-301F-11D3-BF4B-00C04F79EFBC}") = "ChainOfResponsibility", "Behavioral\ChainOfResponsibility\ChainOfResponsibility.csproj", "{0ED7A9CE-31EE-4BDE-AC46-3CAE34EBFB69}"
EndProject
Project("{FAE04EC0-301F-11D3-BF4B-00C04F79EFBC}") = "Command", "Behavioral\Command\Command.csproj", "{983F2A3A-A7AF-4595-83E6-555E1A92B3E1}"
EndProject
Project("{FAE04EC0-301F-11D3-BF4B-00C04F79EFBC}") = "Interpreter", "Behavioral\Interpreter\Interpreter.csproj", "{12638FED-B03A-4950-9F0C-CA09E9DC52C9}"
EndProject
Project("{FAE04EC0-301F-11D3-BF4B-00C04F79EFBC}") = "Iterator", "Behavioral\Iterator\Iterator.csproj", "{B12CC3E3-B870-423E-847E-4AC4F2288D61}"
EndProject
Project("{FAE04EC0-301F-11D3-BF4B-00C04F79EFBC}") = "Mediator", "Behavioral\Mediator\Mediator.csproj", "{BE719952-FB15-43F7-9A3B-2AE083A4CA04}"
EndProject
Project("{FAE04EC0-301F-11D3-BF4B-00C04F79EFBC}") = "Memento", "Behavioral\Memento\Memento.csproj", "{4B6B9237-4A94-46BD-9EDC-158B52076AE4}"
EndProject
Project("{FAE04EC0-301F-11D3-BF4B-00C04F79EFBC}") = "Observer", "Behavioral\Observer\Observer.csproj", "{18C5D19C-F56A-439D-8A13-9105D8B56140}"
EndProject
Project("{FAE04EC0-301F-11D3-BF4B-00C04F79EFBC}") = "State", "Behavioral\State\State.csproj", "{8F357AC0-33D4-40FD-BCB9-E47E521C1DAB}"
EndProject
Project("{FAE04EC0-301F-11D3-BF4B-00C04F79EFBC}") = "Strategy", "Behavioral\Strategy\Strategy.csproj", "{458B0BA3-67F0-4B4B-912C-43F1C6E6A8D5}"
EndProject
Project("{FAE04EC0-301F-11D3-BF4B-00C04F79EFBC}") = "TemplateMethod", "Behavioral\TemplateMethod\TemplateMethod.csproj", "{E86EC2E4-2684-4E0C-B8D0-145634510809}"
EndProject
Project("{FAE04EC0-301F-11D3-BF4B-00C04F79EFBC}") = "Visitor", "Behavioral\Visitor\Visitor.csproj", "{5CD4D450-9ED5-4DB8-B03A-0D02FF9BF1EA}"
EndProject
Project("{FAE04EC0-301F-11D3-BF4B-00C04F79EFBC}") = "AbstractFactory", "Creational\AbstractFactory\AbstractFactory.csproj", "{7D83A581-A9AC-48F0-9309-6A2A3636C2DB}"
EndProject
Project("{FAE04EC0-301F-11D3-BF4B-00C04F79EFBC}") = "Builder", "Creational\Builder\Builder.csproj", "{6CFC9EE0-4212-4D06-A92C-139C28959046}"
EndProject
Project("{FAE04EC0-301F-11D3-BF4B-00C04F79EFBC}") = "FactoryMethod", "Creational\FactoryMethod\FactoryMethod.csproj", "{91D1026A-4631-4376-861A-F41BA6078BB8}"
EndProject
Project("{FAE04EC0-301F-11D3-BF4B-00C04F79EFBC}") = "Prototype", "Creational\Prototype\Prototype.csproj", "{D796022F-CA99-4BF8-A2F9-108A6B050035}"
EndProject
Project("{FAE04EC0-301F-11D3-BF4B-00C04F79EFBC}") = "Singleton", "Creational\Singleton\Singleton.csproj", "{9AAC28A7-EBF9-43E8-9C13-87235161E93F}"
EndProject
Project("{FAE04EC0-301F-11D3-BF4B-00C04F79EFBC}") = "Adapter", "Structural\Adapter\Adapter.csproj", "{FCC8F0EC-C8C3-44DA-90FD-29520ED4FF2D}"
EndProject
Project("{FAE04EC0-301F-11D3-BF4B-00C04F79EFBC}") = "Bridge", "Structural\Bridge\Bridge.csproj", "{0354296A-F1C7-405D-9F5D-A7B999D95F92}"
EndProject
Project("{FAE04EC0-301F-11D3-BF4B-00C04F79EFBC}") = "Composite", "Structural\Composite\Composite.csproj", "{511D2181-CC4E-41B8-A998-E664ADE61C74}"
EndProject
Project("{FAE04EC0-301F-11D3-BF4B-00C04F79EFBC}") = "Decorator", "Structural\Decorator\Decorator.csproj", "{CF2CCCDE-8FD4-4305-A9AE-74E26F1F9176}"
EndProject
Project("{FAE04EC0-301F-11D3-BF4B-00C04F79EFBC}") = "Facade", "Structural\Facade\Facade.csproj", "{93255C88-1CDE-49AC-9E99-0458C7320113}"
EndProject
Project("{FAE04EC0-301F-11D3-BF4B-00C04F79EFBC}") = "Flyweight", "Structural\Flyweight\Flyweight.csproj", "{B13760E6-CFCC-40AA-B5CC-C47308A80651}"
EndProject
Project("{FAE04EC0-301F-11D3-BF4B-00C04F79EFBC}") = "Proxy", "Structural\Proxy\Proxy.csproj", "{B59390FE-4003-459B-923E-304DE18D2FFB}"
EndProject
Project("{FAE04EC0-301F-11D3-BF4B-00C04F79EFBC}") = "ObjectPool", "Creational\ObjectPool\ObjectPool.csproj", "{4D8CDA2D-2C29-4725-8383-B4ECB08C8350}"
EndProject
Project("{FAE04EC0-301F-11D3-BF4B-00C04F79EFBC}") = "PrivateClassData", "Structural\PrivateClassData\PrivateClassData.csproj", "{EF10A284-2F98-4881-8328-A86F4AD1B00F}"
EndProject
Project("{FAE04EC0-301F-11D3-BF4B-00C04F79EFBC}") = "NullObject", "Behavioral\NullObject\NullObject.csproj", "{5390DB16-CBF7-4AC5-991D-7660360035F0}"
EndProject
Project("{FAE04EC0-301F-11D3-BF4B-00C04F79EFBC}") = "SimpleFactory", "Creational\SimpleFactory\SimpleFactory.csproj", "{BC7D13B8-C0A6-4251-BAD3-6D768F6EED26}"
EndProject
Global
	GlobalSection(SolutionConfigurationPlatforms) = preSolution
		Debug|Any CPU = Debug|Any CPU
		Release|Any CPU = Release|Any CPU
	EndGlobalSection
	GlobalSection(ProjectConfigurationPlatforms) = postSolution
		{0ED7A9CE-31EE-4BDE-AC46-3CAE34EBFB69}.Debug|Any CPU.ActiveCfg = Debug|Any CPU
		{0ED7A9CE-31EE-4BDE-AC46-3CAE34EBFB69}.Debug|Any CPU.Build.0 = Debug|Any CPU
		{0ED7A9CE-31EE-4BDE-AC46-3CAE34EBFB69}.Release|Any CPU.ActiveCfg = Release|Any CPU
		{0ED7A9CE-31EE-4BDE-AC46-3CAE34EBFB69}.Release|Any CPU.Build.0 = Release|Any CPU
		{983F2A3A-A7AF-4595-83E6-555E1A92B3E1}.Debug|Any CPU.ActiveCfg = Debug|Any CPU
		{983F2A3A-A7AF-4595-83E6-555E1A92B3E1}.Debug|Any CPU.Build.0 = Debug|Any CPU
		{983F2A3A-A7AF-4595-83E6-555E1A92B3E1}.Release|Any CPU.ActiveCfg = Release|Any CPU
		{983F2A3A-A7AF-4595-83E6-555E1A92B3E1}.Release|Any CPU.Build.0 = Release|Any CPU
		{12638FED-B03A-4950-9F0C-CA09E9DC52C9}.Debug|Any CPU.ActiveCfg = Debug|Any CPU
		{12638FED-B03A-4950-9F0C-CA09E9DC52C9}.Debug|Any CPU.Build.0 = Debug|Any CPU
		{12638FED-B03A-4950-9F0C-CA09E9DC52C9}.Release|Any CPU.ActiveCfg = Release|Any CPU
		{12638FED-B03A-4950-9F0C-CA09E9DC52C9}.Release|Any CPU.Build.0 = Release|Any CPU
		{B12CC3E3-B870-423E-847E-4AC4F2288D61}.Debug|Any CPU.ActiveCfg = Debug|Any CPU
		{B12CC3E3-B870-423E-847E-4AC4F2288D61}.Debug|Any CPU.Build.0 = Debug|Any CPU
		{B12CC3E3-B870-423E-847E-4AC4F2288D61}.Release|Any CPU.ActiveCfg = Release|Any CPU
		{B12CC3E3-B870-423E-847E-4AC4F2288D61}.Release|Any CPU.Build.0 = Release|Any CPU
		{BE719952-FB15-43F7-9A3B-2AE083A4CA04}.Debug|Any CPU.ActiveCfg = Debug|Any CPU
		{BE719952-FB15-43F7-9A3B-2AE083A4CA04}.Debug|Any CPU.Build.0 = Debug|Any CPU
		{BE719952-FB15-43F7-9A3B-2AE083A4CA04}.Release|Any CPU.ActiveCfg = Release|Any CPU
		{BE719952-FB15-43F7-9A3B-2AE083A4CA04}.Release|Any CPU.Build.0 = Release|Any CPU
		{4B6B9237-4A94-46BD-9EDC-158B52076AE4}.Debug|Any CPU.ActiveCfg = Debug|Any CPU
		{4B6B9237-4A94-46BD-9EDC-158B52076AE4}.Debug|Any CPU.Build.0 = Debug|Any CPU
		{4B6B9237-4A94-46BD-9EDC-158B52076AE4}.Release|Any CPU.ActiveCfg = Release|Any CPU
		{4B6B9237-4A94-46BD-9EDC-158B52076AE4}.Release|Any CPU.Build.0 = Release|Any CPU
		{18C5D19C-F56A-439D-8A13-9105D8B56140}.Debug|Any CPU.ActiveCfg = Debug|Any CPU
		{18C5D19C-F56A-439D-8A13-9105D8B56140}.Debug|Any CPU.Build.0 = Debug|Any CPU
		{18C5D19C-F56A-439D-8A13-9105D8B56140}.Release|Any CPU.ActiveCfg = Release|Any CPU
		{18C5D19C-F56A-439D-8A13-9105D8B56140}.Release|Any CPU.Build.0 = Release|Any CPU
		{8F357AC0-33D4-40FD-BCB9-E47E521C1DAB}.Debug|Any CPU.ActiveCfg = Debug|Any CPU
		{8F357AC0-33D4-40FD-BCB9-E47E521C1DAB}.Debug|Any CPU.Build.0 = Debug|Any CPU
		{8F357AC0-33D4-40FD-BCB9-E47E521C1DAB}.Release|Any CPU.ActiveCfg = Release|Any CPU
		{8F357AC0-33D4-40FD-BCB9-E47E521C1DAB}.Release|Any CPU.Build.0 = Release|Any CPU
		{458B0BA3-67F0-4B4B-912C-43F1C6E6A8D5}.Debug|Any CPU.ActiveCfg = Debug|Any CPU
		{458B0BA3-67F0-4B4B-912C-43F1C6E6A8D5}.Debug|Any CPU.Build.0 = Debug|Any CPU
		{458B0BA3-67F0-4B4B-912C-43F1C6E6A8D5}.Release|Any CPU.ActiveCfg = Release|Any CPU
		{458B0BA3-67F0-4B4B-912C-43F1C6E6A8D5}.Release|Any CPU.Build.0 = Release|Any CPU
		{E86EC2E4-2684-4E0C-B8D0-145634510809}.Debug|Any CPU.ActiveCfg = Debug|Any CPU
		{E86EC2E4-2684-4E0C-B8D0-145634510809}.Debug|Any CPU.Build.0 = Debug|Any CPU
		{E86EC2E4-2684-4E0C-B8D0-145634510809}.Release|Any CPU.ActiveCfg = Release|Any CPU
		{E86EC2E4-2684-4E0C-B8D0-145634510809}.Release|Any CPU.Build.0 = Release|Any CPU
		{5CD4D450-9ED5-4DB8-B03A-0D02FF9BF1EA}.Debug|Any CPU.ActiveCfg = Debug|Any CPU
		{5CD4D450-9ED5-4DB8-B03A-0D02FF9BF1EA}.Debug|Any CPU.Build.0 = Debug|Any CPU
		{5CD4D450-9ED5-4DB8-B03A-0D02FF9BF1EA}.Release|Any CPU.ActiveCfg = Release|Any CPU
		{5CD4D450-9ED5-4DB8-B03A-0D02FF9BF1EA}.Release|Any CPU.Build.0 = Release|Any CPU
		{7D83A581-A9AC-48F0-9309-6A2A3636C2DB}.Debug|Any CPU.ActiveCfg = Debug|Any CPU
		{7D83A581-A9AC-48F0-9309-6A2A3636C2DB}.Debug|Any CPU.Build.0 = Debug|Any CPU
		{7D83A581-A9AC-48F0-9309-6A2A3636C2DB}.Release|Any CPU.ActiveCfg = Release|Any CPU
		{7D83A581-A9AC-48F0-9309-6A2A3636C2DB}.Release|Any CPU.Build.0 = Release|Any CPU
		{6CFC9EE0-4212-4D06-A92C-139C28959046}.Debug|Any CPU.ActiveCfg = Debug|Any CPU
		{6CFC9EE0-4212-4D06-A92C-139C28959046}.Debug|Any CPU.Build.0 = Debug|Any CPU
		{6CFC9EE0-4212-4D06-A92C-139C28959046}.Release|Any CPU.ActiveCfg = Release|Any CPU
		{6CFC9EE0-4212-4D06-A92C-139C28959046}.Release|Any CPU.Build.0 = Release|Any CPU
		{91D1026A-4631-4376-861A-F41BA6078BB8}.Debug|Any CPU.ActiveCfg = Debug|Any CPU
		{91D1026A-4631-4376-861A-F41BA6078BB8}.Debug|Any CPU.Build.0 = Debug|Any CPU
		{91D1026A-4631-4376-861A-F41BA6078BB8}.Release|Any CPU.ActiveCfg = Release|Any CPU
		{91D1026A-4631-4376-861A-F41BA6078BB8}.Release|Any CPU.Build.0 = Release|Any CPU
		{D796022F-CA99-4BF8-A2F9-108A6B050035}.Debug|Any CPU.ActiveCfg = Debug|Any CPU
		{D796022F-CA99-4BF8-A2F9-108A6B050035}.Debug|Any CPU.Build.0 = Debug|Any CPU
		{D796022F-CA99-4BF8-A2F9-108A6B050035}.Release|Any CPU.ActiveCfg = Release|Any CPU
		{D796022F-CA99-4BF8-A2F9-108A6B050035}.Release|Any CPU.Build.0 = Release|Any CPU
		{9AAC28A7-EBF9-43E8-9C13-87235161E93F}.Debug|Any CPU.ActiveCfg = Debug|Any CPU
		{9AAC28A7-EBF9-43E8-9C13-87235161E93F}.Debug|Any CPU.Build.0 = Debug|Any CPU
		{9AAC28A7-EBF9-43E8-9C13-87235161E93F}.Release|Any CPU.ActiveCfg = Release|Any CPU
		{9AAC28A7-EBF9-43E8-9C13-87235161E93F}.Release|Any CPU.Build.0 = Release|Any CPU
		{FCC8F0EC-C8C3-44DA-90FD-29520ED4FF2D}.Debug|Any CPU.ActiveCfg = Debug|Any CPU
		{FCC8F0EC-C8C3-44DA-90FD-29520ED4FF2D}.Debug|Any CPU.Build.0 = Debug|Any CPU
		{FCC8F0EC-C8C3-44DA-90FD-29520ED4FF2D}.Release|Any CPU.ActiveCfg = Release|Any CPU
		{FCC8F0EC-C8C3-44DA-90FD-29520ED4FF2D}.Release|Any CPU.Build.0 = Release|Any CPU
		{0354296A-F1C7-405D-9F5D-A7B999D95F92}.Debug|Any CPU.ActiveCfg = Debug|Any CPU
		{0354296A-F1C7-405D-9F5D-A7B999D95F92}.Debug|Any CPU.Build.0 = Debug|Any CPU
		{0354296A-F1C7-405D-9F5D-A7B999D95F92}.Release|Any CPU.ActiveCfg = Release|Any CPU
		{0354296A-F1C7-405D-9F5D-A7B999D95F92}.Release|Any CPU.Build.0 = Release|Any CPU
		{511D2181-CC4E-41B8-A998-E664ADE61C74}.Debug|Any CPU.ActiveCfg = Debug|Any CPU
		{511D2181-CC4E-41B8-A998-E664ADE61C74}.Debug|Any CPU.Build.0 = Debug|Any CPU
		{511D2181-CC4E-41B8-A998-E664ADE61C74}.Release|Any CPU.ActiveCfg = Release|Any CPU
		{511D2181-CC4E-41B8-A998-E664ADE61C74}.Release|Any CPU.Build.0 = Release|Any CPU
		{CF2CCCDE-8FD4-4305-A9AE-74E26F1F9176}.Debug|Any CPU.ActiveCfg = Debug|Any CPU
		{CF2CCCDE-8FD4-4305-A9AE-74E26F1F9176}.Debug|Any CPU.Build.0 = Debug|Any CPU
		{CF2CCCDE-8FD4-4305-A9AE-74E26F1F9176}.Release|Any CPU.ActiveCfg = Release|Any CPU
		{CF2CCCDE-8FD4-4305-A9AE-74E26F1F9176}.Release|Any CPU.Build.0 = Release|Any CPU
		{93255C88-1CDE-49AC-9E99-0458C7320113}.Debug|Any CPU.ActiveCfg = Debug|Any CPU
		{93255C88-1CDE-49AC-9E99-0458C7320113}.Debug|Any CPU.Build.0 = Debug|Any CPU
		{93255C88-1CDE-49AC-9E99-0458C7320113}.Release|Any CPU.ActiveCfg = Release|Any CPU
		{93255C88-1CDE-49AC-9E99-0458C7320113}.Release|Any CPU.Build.0 = Release|Any CPU
		{B13760E6-CFCC-40AA-B5CC-C47308A80651}.Debug|Any CPU.ActiveCfg = Debug|Any CPU
		{B13760E6-CFCC-40AA-B5CC-C47308A80651}.Debug|Any CPU.Build.0 = Debug|Any CPU
		{B13760E6-CFCC-40AA-B5CC-C47308A80651}.Release|Any CPU.ActiveCfg = Release|Any CPU
		{B13760E6-CFCC-40AA-B5CC-C47308A80651}.Release|Any CPU.Build.0 = Release|Any CPU
		{B59390FE-4003-459B-923E-304DE18D2FFB}.Debug|Any CPU.ActiveCfg = Debug|Any CPU
		{B59390FE-4003-459B-923E-304DE18D2FFB}.Debug|Any CPU.Build.0 = Debug|Any CPU
		{B59390FE-4003-459B-923E-304DE18D2FFB}.Release|Any CPU.ActiveCfg = Release|Any CPU
		{B59390FE-4003-459B-923E-304DE18D2FFB}.Release|Any CPU.Build.0 = Release|Any CPU
		{4D8CDA2D-2C29-4725-8383-B4ECB08C8350}.Debug|Any CPU.ActiveCfg = Debug|Any CPU
		{4D8CDA2D-2C29-4725-8383-B4ECB08C8350}.Debug|Any CPU.Build.0 = Debug|Any CPU
		{4D8CDA2D-2C29-4725-8383-B4ECB08C8350}.Release|Any CPU.ActiveCfg = Release|Any CPU
		{4D8CDA2D-2C29-4725-8383-B4ECB08C8350}.Release|Any CPU.Build.0 = Release|Any CPU
		{EF10A284-2F98-4881-8328-A86F4AD1B00F}.Debug|Any CPU.ActiveCfg = Debug|Any CPU
		{EF10A284-2F98-4881-8328-A86F4AD1B00F}.Debug|Any CPU.Build.0 = Debug|Any CPU
		{EF10A284-2F98-4881-8328-A86F4AD1B00F}.Release|Any CPU.ActiveCfg = Release|Any CPU
		{EF10A284-2F98-4881-8328-A86F4AD1B00F}.Release|Any CPU.Build.0 = Release|Any CPU
		{5390DB16-CBF7-4AC5-991D-7660360035F0}.Debug|Any CPU.ActiveCfg = Debug|Any CPU
		{5390DB16-CBF7-4AC5-991D-7660360035F0}.Debug|Any CPU.Build.0 = Debug|Any CPU
		{5390DB16-CBF7-4AC5-991D-7660360035F0}.Release|Any CPU.ActiveCfg = Release|Any CPU
		{5390DB16-CBF7-4AC5-991D-7660360035F0}.Release|Any CPU.Build.0 = Release|Any CPU
		{BC7D13B8-C0A6-4251-BAD3-6D768F6EED26}.Debug|Any CPU.ActiveCfg = Debug|Any CPU
		{BC7D13B8-C0A6-4251-BAD3-6D768F6EED26}.Debug|Any CPU.Build.0 = Debug|Any CPU
		{BC7D13B8-C0A6-4251-BAD3-6D768F6EED26}.Release|Any CPU.ActiveCfg = Release|Any CPU
		{BC7D13B8-C0A6-4251-BAD3-6D768F6EED26}.Release|Any CPU.Build.0 = Release|Any CPU
	EndGlobalSection
	GlobalSection(SolutionProperties) = preSolution
		HideSolutionNode = FALSE
	EndGlobalSection
	GlobalSection(NestedProjects) = preSolution
		{0ED7A9CE-31EE-4BDE-AC46-3CAE34EBFB69} = {3B2CA907-3242-4B5A-826A-ADB1F2BC966A}
		{983F2A3A-A7AF-4595-83E6-555E1A92B3E1} = {3B2CA907-3242-4B5A-826A-ADB1F2BC966A}
		{12638FED-B03A-4950-9F0C-CA09E9DC52C9} = {3B2CA907-3242-4B5A-826A-ADB1F2BC966A}
		{B12CC3E3-B870-423E-847E-4AC4F2288D61} = {3B2CA907-3242-4B5A-826A-ADB1F2BC966A}
		{BE719952-FB15-43F7-9A3B-2AE083A4CA04} = {3B2CA907-3242-4B5A-826A-ADB1F2BC966A}
		{4B6B9237-4A94-46BD-9EDC-158B52076AE4} = {3B2CA907-3242-4B5A-826A-ADB1F2BC966A}
		{18C5D19C-F56A-439D-8A13-9105D8B56140} = {3B2CA907-3242-4B5A-826A-ADB1F2BC966A}
		{8F357AC0-33D4-40FD-BCB9-E47E521C1DAB} = {3B2CA907-3242-4B5A-826A-ADB1F2BC966A}
		{458B0BA3-67F0-4B4B-912C-43F1C6E6A8D5} = {3B2CA907-3242-4B5A-826A-ADB1F2BC966A}
		{E86EC2E4-2684-4E0C-B8D0-145634510809} = {3B2CA907-3242-4B5A-826A-ADB1F2BC966A}
		{5CD4D450-9ED5-4DB8-B03A-0D02FF9BF1EA} = {3B2CA907-3242-4B5A-826A-ADB1F2BC966A}
		{7D83A581-A9AC-48F0-9309-6A2A3636C2DB} = {23D52F6C-E0CF-4246-9C59-04B228887985}
		{6CFC9EE0-4212-4D06-A92C-139C28959046} = {23D52F6C-E0CF-4246-9C59-04B228887985}
		{91D1026A-4631-4376-861A-F41BA6078BB8} = {23D52F6C-E0CF-4246-9C59-04B228887985}
		{D796022F-CA99-4BF8-A2F9-108A6B050035} = {23D52F6C-E0CF-4246-9C59-04B228887985}
		{9AAC28A7-EBF9-43E8-9C13-87235161E93F} = {23D52F6C-E0CF-4246-9C59-04B228887985}
		{FCC8F0EC-C8C3-44DA-90FD-29520ED4FF2D} = {FDFB6C51-7D34-4558-B793-01B87642B5C4}
		{0354296A-F1C7-405D-9F5D-A7B999D95F92} = {FDFB6C51-7D34-4558-B793-01B87642B5C4}
		{511D2181-CC4E-41B8-A998-E664ADE61C74} = {FDFB6C51-7D34-4558-B793-01B87642B5C4}
		{CF2CCCDE-8FD4-4305-A9AE-74E26F1F9176} = {FDFB6C51-7D34-4558-B793-01B87642B5C4}
		{93255C88-1CDE-49AC-9E99-0458C7320113} = {FDFB6C51-7D34-4558-B793-01B87642B5C4}
		{B13760E6-CFCC-40AA-B5CC-C47308A80651} = {FDFB6C51-7D34-4558-B793-01B87642B5C4}
		{B59390FE-4003-459B-923E-304DE18D2FFB} = {FDFB6C51-7D34-4558-B793-01B87642B5C4}
		{4D8CDA2D-2C29-4725-8383-B4ECB08C8350} = {23D52F6C-E0CF-4246-9C59-04B228887985}
		{EF10A284-2F98-4881-8328-A86F4AD1B00F} = {FDFB6C51-7D34-4558-B793-01B87642B5C4}
		{5390DB16-CBF7-4AC5-991D-7660360035F0} = {3B2CA907-3242-4B5A-826A-ADB1F2BC966A}
		{BC7D13B8-C0A6-4251-BAD3-6D768F6EED26} = {23D52F6C-E0CF-4246-9C59-04B228887985}
	EndGlobalSection
	GlobalSection(ExtensibilityGlobals) = postSolution
		SolutionGuid = {62E87F01-824C-43F6-8CEE-1CDCAAE689F5}
	EndGlobalSection
EndGlobal
